// !$*UTF8*$!
{
	archiveVersion = 1;
	classes = {
	};
	objectVersion = 46;
	objects = {

/* Begin PBXBuildFile section */
		4AE9B21F1EEFC42B007440D7 /* Main.storyboard in Resources */ = {isa = PBXBuildFile; fileRef = 4AE9B21D1EEFC42B007440D7 /* Main.storyboard */; };
		4AE9B2211EEFC42B007440D7 /* Assets.xcassets in Resources */ = {isa = PBXBuildFile; fileRef = 4AE9B2201EEFC42B007440D7 /* Assets.xcassets */; };
		4AE9B2241EEFC42B007440D7 /* LaunchScreen.storyboard in Resources */ = {isa = PBXBuildFile; fileRef = 4AE9B2221EEFC42B007440D7 /* LaunchScreen.storyboard */; };
		4AE9B2331EEFC462007440D7 /* AppDelegate.m in Sources */ = {isa = PBXBuildFile; fileRef = 4AE9B22E1EEFC462007440D7 /* AppDelegate.m */; };
		4AE9B2341EEFC462007440D7 /* main.m in Sources */ = {isa = PBXBuildFile; fileRef = 4AE9B2301EEFC462007440D7 /* main.m */; };
		4AE9B2351EEFC462007440D7 /* ViewController.m in Sources */ = {isa = PBXBuildFile; fileRef = 4AE9B2321EEFC462007440D7 /* ViewController.m */; };
/* End PBXBuildFile section */

/* Begin PBXFileReference section */
		4AE9B2111EEFC42B007440D7 /* Image.app */ = {isa = PBXFileReference; explicitFileType = wrapper.application; includeInIndex = 0; path = Image.app; sourceTree = BUILT_PRODUCTS_DIR; };
		4AE9B21E1EEFC42B007440D7 /* Base */ = {isa = PBXFileReference; lastKnownFileType = file.storyboard; name = Base; path = Base.lproj/Main.storyboard; sourceTree = "<group>"; };
		4AE9B2201EEFC42B007440D7 /* Assets.xcassets */ = {isa = PBXFileReference; lastKnownFileType = folder.assetcatalog; path = Assets.xcassets; sourceTree = "<group>"; };
		4AE9B2231EEFC42B007440D7 /* Base */ = {isa = PBXFileReference; lastKnownFileType = file.storyboard; name = Base; path = Base.lproj/LaunchScreen.storyboard; sourceTree = "<group>"; };
		4AE9B2251EEFC42B007440D7 /* Info.plist */ = {isa = PBXFileReference; lastKnownFileType = text.plist.xml; path = Info.plist; sourceTree = "<group>"; };
		4AE9B22D1EEFC462007440D7 /* AppDelegate.h */ = {isa = PBXFileReference; fileEncoding = 4; lastKnownFileType = sourcecode.c.h; path = AppDelegate.h; sourceTree = "<group>"; };
		4AE9B22E1EEFC462007440D7 /* AppDelegate.m */ = {isa = PBXFileReference; fileEncoding = 4; lastKnownFileType = sourcecode.c.objc; path = AppDelegate.m; sourceTree = "<group>"; };
		4AE9B2301EEFC462007440D7 /* main.m */ = {isa = PBXFileReference; fileEncoding = 4; lastKnownFileType = sourcecode.c.objc; path = main.m; sourceTree = "<group>"; };
		4AE9B2311EEFC462007440D7 /* ViewController.h */ = {isa = PBXFileReference; fileEncoding = 4; lastKnownFileType = sourcecode.c.h; path = ViewController.h; sourceTree = "<group>"; };
		4AE9B2321EEFC462007440D7 /* ViewController.m */ = {isa = PBXFileReference; fileEncoding = 4; lastKnownFileType = sourcecode.c.objc; path = ViewController.m; sourceTree = "<group>"; };
/* End PBXFileReference section */

/* Begin PBXFrameworksBuildPhase section */
		4AE9B20E1EEFC42B007440D7 /* Frameworks */ = {
			isa = PBXFrameworksBuildPhase;
			buildActionMask = 2147483647;
			files = (
			);
			runOnlyForDeploymentPostprocessing = 0;
		};
/* End PBXFrameworksBuildPhase section */

/* Begin PBXGroup section */
		4AE9B2081EEFC42B007440D7 = {
			isa = PBXGroup;
			children = (
				4AE9B2131EEFC42B007440D7 /* Image */,
				4AE9B2121EEFC42B007440D7 /* Products */,
			);
			sourceTree = "<group>";
		};
		4AE9B2121EEFC42B007440D7 /* Products */ = {
			isa = PBXGroup;
			children = (
				4AE9B2111EEFC42B007440D7 /* Image.app */,
			);
			name = Products;
			sourceTree = "<group>";
		};
		4AE9B2131EEFC42B007440D7 /* Image */ = {
			isa = PBXGroup;
			children = (
				4AE9B22B1EEFC462007440D7 /* Class */,
				4AE9B2141EEFC42B007440D7 /* Supporting Files */,
			);
			path = Image;
			sourceTree = "<group>";
		};
		4AE9B2141EEFC42B007440D7 /* Supporting Files */ = {
			isa = PBXGroup;
			children = (
				4AE9B21D1EEFC42B007440D7 /* Main.storyboard */,
				4AE9B2201EEFC42B007440D7 /* Assets.xcassets */,
				4AE9B2221EEFC42B007440D7 /* LaunchScreen.storyboard */,
				4AE9B2251EEFC42B007440D7 /* Info.plist */,
			);
			name = "Supporting Files";
			sourceTree = "<group>";
		};
		4AE9B22B1EEFC462007440D7 /* Class */ = {
			isa = PBXGroup;
			children = (
				4AE9B22C1EEFC462007440D7 /* Other */,
			);
			path = Class;
			sourceTree = "<group>";
		};
		4AE9B22C1EEFC462007440D7 /* Other */ = {
			isa = PBXGroup;
			children = (
				4AE9B22F1EEFC462007440D7 /* Lib */,
				4AE9B22D1EEFC462007440D7 /* AppDelegate.h */,
				4AE9B22E1EEFC462007440D7 /* AppDelegate.m */,
				4AE9B2301EEFC462007440D7 /* main.m */,
				4AE9B2311EEFC462007440D7 /* ViewController.h */,
				4AE9B2321EEFC462007440D7 /* ViewController.m */,
			);
			path = Other;
			sourceTree = "<group>";
		};
		4AE9B22F1EEFC462007440D7 /* Lib */ = {
			isa = PBXGroup;
			children = (
			);
			path = Lib;
			sourceTree = "<group>";
		};
/* End PBXGroup section */

/* Begin PBXNativeTarget section */
		4AE9B2101EEFC42B007440D7 /* Image */ = {
			isa = PBXNativeTarget;
			buildConfigurationList = 4AE9B2281EEFC42B007440D7 /* Build configuration list for PBXNativeTarget "Image" */;
			buildPhases = (
				4AE9B20D1EEFC42B007440D7 /* Sources */,
				4AE9B20E1EEFC42B007440D7 /* Frameworks */,
				4AE9B20F1EEFC42B007440D7 /* Resources */,
			);
			buildRules = (
			);
			dependencies = (
			);
			name = Image;
			productName = Image;
			productReference = 4AE9B2111EEFC42B007440D7 /* Image.app */;
			productType = "com.apple.product-type.application";
		};
/* End PBXNativeTarget section */

/* Begin PBXProject section */
		4AE9B2091EEFC42B007440D7 /* Project object */ = {
			isa = PBXProject;
			attributes = {
				LastUpgradeCheck = 0830;
				ORGANIZATIONNAME = harry;
				TargetAttributes = {
					4AE9B2101EEFC42B007440D7 = {
						CreatedOnToolsVersion = 8.3.3;
						DevelopmentTeam = MLHZBKLKSB;
						ProvisioningStyle = Automatic;
					};
				};
			};
			buildConfigurationList = 4AE9B20C1EEFC42B007440D7 /* Build configuration list for PBXProject "Image" */;
			compatibilityVersion = "Xcode 3.2";
			developmentRegion = English;
			hasScannedForEncodings = 0;
			knownRegions = (
				en,
				Base,
			);
			mainGroup = 4AE9B2081EEFC42B007440D7;
			productRefGroup = 4AE9B2121EEFC42B007440D7 /* Products */;
			projectDirPath = "";
			projectRoot = "";
			targets = (
				4AE9B2101EEFC42B007440D7 /* Image */,
			);
		};
/* End PBXProject section */

/* Begin PBXResourcesBuildPhase section */
		4AE9B20F1EEFC42B007440D7 /* Resources */ = {
			isa = PBXResourcesBuildPhase;
			buildActionMask = 2147483647;
			files = (
				4AE9B2241EEFC42B007440D7 /* LaunchScreen.storyboard in Resources */,
				4AE9B2211EEFC42B007440D7 /* Assets.xcassets in Resources */,
				4AE9B21F1EEFC42B007440D7 /* Main.storyboard in Resources */,
			);
			runOnlyForDeploymentPostprocessing = 0;
		};
/* End PBXResourcesBuildPhase section */

/* Begin PBXSourcesBuildPhase section */
		4AE9B20D1EEFC42B007440D7 /* Sources */ = {
			isa = PBXSourcesBuildPhase;
			buildActionMask = 2147483647;
			files = (
				4AE9B2351EEFC462007440D7 /* ViewController.m in Sources */,
				4AE9B2341EEFC462007440D7 /* main.m in Sources */,
				4AE9B2331EEFC462007440D7 /* AppDelegate.m in Sources */,
			);
			runOnlyForDeploymentPostprocessing = 0;
		};
/* End PBXSourcesBuildPhase section */

/* Begin PBXVariantGroup section */
		4AE9B21D1EEFC42B007440D7 /* Main.storyboard */ = {
			isa = PBXVariantGroup;
			children = (
				4AE9B21E1EEFC42B007440D7 /* Base */,
			);
			name = Main.storyboard;
			sourceTree = "<group>";
		};
		4AE9B2221EEFC42B007440D7 /* LaunchScreen.storyboard */ = {
			isa = PBXVariantGroup;
			children = (
				4AE9B2231EEFC42B007440D7 /* Base */,
			);
			name = LaunchScreen.storyboard;
			sourceTree = "<group>";
		};
/* End PBXVariantGroup section */

/* Begin XCBuildConfiguration section */
		4AE9B2261EEFC42B007440D7 /* Debug */ = {
			isa = XCBuildConfiguration;
			buildSettings = {
				ALWAYS_SEARCH_USER_PATHS = NO;
				CLANG_ANALYZER_NONNULL = YES;
				CLANG_ANALYZER_NUMBER_OBJECT_CONVERSION = YES_AGGRESSIVE;
				CLANG_CXX_LANGUAGE_STANDARD = "gnu++0x";
				CLANG_CXX_LIBRARY = "libc++";
				CLANG_ENABLE_MODULES = YES;
				CLANG_ENABLE_OBJC_ARC = YES;
				CLANG_WARN_BOOL_CONVERSION = YES;
				CLANG_WARN_CONSTANT_CONVERSION = YES;
				CLANG_WARN_DIRECT_OBJC_ISA_USAGE = YES_ERROR;
				CLANG_WARN_DOCUMENTATION_COMMENTS = YES;
				CLANG_WARN_EMPTY_BODY = YES;
				CLANG_WARN_ENUM_CONVERSION = YES;
				CLANG_WARN_INFINITE_RECURSION = YES;
				CLANG_WARN_INT_CONVERSION = YES;
				CLANG_WARN_OBJC_ROOT_CLASS = YES_ERROR;
				CLANG_WARN_SUSPICIOUS_MOVE = YES;
				CLANG_WARN_UNREACHABLE_CODE = YES;
				CLANG_WARN__DUPLICATE_METHOD_MATCH = YES;
				"CODE_SIGN_IDENTITY[sdk=iphoneos*]" = "iPhone Developer";
				COPY_PHASE_STRIP = NO;
				DEBUG_INFORMATION_FORMAT = dwarf;
				ENABLE_STRICT_OBJC_MSGSEND = YES;
				ENABLE_TESTABILITY = YES;
				GCC_C_LANGUAGE_STANDARD = gnu99;
				GCC_DYNAMIC_NO_PIC = NO;
				GCC_NO_COMMON_BLOCKS = YES;
				GCC_OPTIMIZATION_LEVEL = 0;
				GCC_PREPROCESSOR_DEFINITIONS = (
					"DEBUG=1",
					"$(inherited)",
				);
				GCC_WARN_64_TO_32_BIT_CONVERSION = YES;
				GCC_WARN_ABOUT_RETURN_TYPE = YES_ERROR;
				GCC_WARN_UNDECLARED_SELECTOR = YES;
				GCC_WARN_UNINITIALIZED_AUTOS = YES_AGGRESSIVE;
				GCC_WARN_UNUSED_FUNCTION = YES;
				GCC_WARN_UNUSED_VARIABLE = YES;
				IPHONEOS_DEPLOYMENT_TARGET = 10.3;
				MTL_ENABLE_DEBUG_INFO = YES;
				ONLY_ACTIVE_ARCH = YES;
				SDKROOT = iphoneos;
			};
			name = Debug;
		};
		4AE9B2271EEFC42B007440D7 /* Release */ = {
			isa = XCBuildConfiguration;
			buildSettings = {
				ALWAYS_SEARCH_USER_PATHS = NO;
				CLANG_ANALYZER_NONNULL = YES;
				CLANG_ANALYZER_NUMBER_OBJECT_CONVERSION = YES_AGGRESSIVE;
				CLANG_CXX_LANGUAGE_STANDARD = "gnu++0x";
				CLANG_CXX_LIBRARY = "libc++";
				CLANG_ENABLE_MODULES = YES;
				CLANG_ENABLE_OBJC_ARC = YES;
				CLANG_WARN_BOOL_CONVERSION = YES;
				CLANG_WARN_CONSTANT_CONVERSION = YES;
				CLANG_WARN_DIRECT_OBJC_ISA_USAGE = YES_ERROR;
				CLANG_WARN_DOCUMENTATION_COMMENTS = YES;
				CLANG_WARN_EMPTY_BODY = YES;
				CLANG_WARN_ENUM_CONVERSION = YES;
				CLANG_WARN_INFINITE_RECURSION = YES;
				CLANG_WARN_INT_CONVERSION = YES;
				CLANG_WARN_OBJC_ROOT_CLASS = YES_ERROR;
				CLANG_WARN_SUSPICIOUS_MOVE = YES;
				CLANG_WARN_UNREACHABLE_CODE = YES;
				CLANG_WARN__DUPLICATE_METHOD_MATCH = YES;
				"CODE_SIGN_IDENTITY[sdk=iphoneos*]" = "iPhone Developer";
				COPY_PHASE_STRIP = NO;
				DEBUG_INFORMATION_FORMAT = "dwarf-with-dsym";
				ENABLE_NS_ASSERTIONS = NO;
				ENABLE_STRICT_OBJC_MSGSEND = YES;
				GCC_C_LANGUAGE_STANDARD = gnu99;
				GCC_NO_COMMON_BLOCKS = YES;
				GCC_WARN_64_TO_32_BIT_CONVERSION = YES;
				GCC_WARN_ABOUT_RETURN_TYPE = YES_ERROR;
				GCC_WARN_UNDECLARED_SELECTOR = YES;
				GCC_WARN_UNINITIALIZED_AUTOS = YES_AGGRESSIVE;
				GCC_WARN_UNUSED_FUNCTION = YES;
				GCC_WARN_UNUSED_VARIABLE = YES;
				IPHONEOS_DEPLOYMENT_TARGET = 10.3;
				MTL_ENABLE_DEBUG_INFO = NO;
				SDKROOT = iphoneos;
				VALIDATE_PRODUCT = YES;
			};
			name = Release;
		};
		4AE9B2291EEFC42B007440D7 /* Debug */ = {
			isa = XCBuildConfiguration;
			buildSettings = {
				ASSETCATALOG_COMPILER_APPICON_NAME = AppIcon;
				DEVELOPMENT_TEAM = MLHZBKLKSB;
				INFOPLIST_FILE = Image/Info.plist;
				LD_RUNPATH_SEARCH_PATHS = "$(inherited) @executable_path/Frameworks";
				PRODUCT_BUNDLE_IDENTIFIER = com.cmcchina.Image;
				PRODUCT_NAME = "$(TARGET_NAME)";
			};
			name = Debug;
		};
		4AE9B22A1EEFC42B007440D7 /* Release */ = {
			isa = XCBuildConfiguration;
			buildSettings = {
				ASSETCATALOG_COMPILER_APPICON_NAME = AppIcon;
				DEVELOPMENT_TEAM = MLHZBKLKSB;
				INFOPLIST_FILE = Image/Info.plist;
				LD_RUNPATH_SEARCH_PATHS = "$(inherited) @executable_path/Frameworks";
				PRODUCT_BUNDLE_IDENTIFIER = com.cmcchina.Image;
				PRODUCT_NAME = "$(TARGET_NAME)";
			};
			name = Release;
		};
/* End XCBuildConfiguration section */

/* Begin XCConfigurationList section */
		4AE9B20C1EEFC42B007440D7 /* Build configuration list for PBXProject "Image" */ = {
			isa = XCConfigurationList;
			buildConfigurations = (
				4AE9B2261EEFC42B007440D7 /* Debug */,
				4AE9B2271EEFC42B007440D7 /* Release */,
			);
			defaultConfigurationIsVisible = 0;
			defaultConfigurationName = Release;
		};
		4AE9B2281EEFC42B007440D7 /* Build configuration list for PBXNativeTarget "Image" */ = {
			isa = XCConfigurationList;
			buildConfigurations = (
				4AE9B2291EEFC42B007440D7 /* Debug */,
				4AE9B22A1EEFC42B007440D7 /* Release */,
			);
			defaultConfigurationIsVisible = 0;
		};
/* End XCConfigurationList section */
	};
	rootObject = 4AE9B2091EEFC42B007440D7 /* Project object */;
}
